
Microsoft Visual Studio Solution File, Format Version 12.00
# Visual Studio Version 17
VisualStudioVersion = 17.14.36518.9
MinimumVisualStudioVersion = 10.0.40219.1
Project("{FAE04EC0-301F-11D3-BF4B-00C04F79EFBC}") = "CpHamburgueseria", "CpHamburgueseria\CpHamburgueseria.csproj", "{10C3A874-2024-461D-A843-4F9DAA2156EB}"
EndProject
Project("{FAE04EC0-301F-11D3-BF4B-00C04F79EFBC}") = "CadHamburgueseria", "CadHamburgueseria\CadHamburgueseria.csproj", "{7F4D2277-42C5-4B36-A6C8-147CC0D37ED0}"
EndProject
Project("{FAE04EC0-301F-11D3-BF4B-00C04F79EFBC}") = "ClnHamburgueseria", "ClnHamburgueseria\ClnHamburgueseria.csproj", "{C31F7716-963D-4ADE-8A9A-BDC498198A67}"
EndProject
Project("{FAE04EC0-301F-11D3-BF4B-00C04F79EFBC}") = "WebHamburgueseria", "WebHamburgueseria\WebHamburgueseria.csproj", "{EC50A14C-CE01-4377-B2F3-519CCC6FA50D}"
EndProject
Global
	GlobalSection(SolutionConfigurationPlatforms) = preSolution
		Debug|Any CPU = Debug|Any CPU
		Release|Any CPU = Release|Any CPU
	EndGlobalSection
	GlobalSection(ProjectConfigurationPlatforms) = postSolution
		{10C3A874-2024-461D-A843-4F9DAA2156EB}.Debug|Any CPU.ActiveCfg = Debug|Any CPU
		{10C3A874-2024-461D-A843-4F9DAA2156EB}.Debug|Any CPU.Build.0 = Debug|Any CPU
		{10C3A874-2024-461D-A843-4F9DAA2156EB}.Release|Any CPU.ActiveCfg = Release|Any CPU
		{10C3A874-2024-461D-A843-4F9DAA2156EB}.Release|Any CPU.Build.0 = Release|Any CPU
		{7F4D2277-42C5-4B36-A6C8-147CC0D37ED0}.Debug|Any CPU.ActiveCfg = Debug|Any CPU
		{7F4D2277-42C5-4B36-A6C8-147CC0D37ED0}.Debug|Any CPU.Build.0 = Debug|Any CPU
		{7F4D2277-42C5-4B36-A6C8-147CC0D37ED0}.Release|Any CPU.ActiveCfg = Release|Any CPU
		{7F4D2277-42C5-4B36-A6C8-147CC0D37ED0}.Release|Any CPU.Build.0 = Release|Any CPU
		{C31F7716-963D-4ADE-8A9A-BDC498198A67}.Debug|Any CPU.ActiveCfg = Debug|Any CPU
		{C31F7716-963D-4ADE-8A9A-BDC498198A67}.Debug|Any CPU.Build.0 = Debug|Any CPU
		{C31F7716-963D-4ADE-8A9A-BDC498198A67}.Release|Any CPU.ActiveCfg = Release|Any CPU
		{C31F7716-963D-4ADE-8A9A-BDC498198A67}.Release|Any CPU.Build.0 = Release|Any CPU
		{EC50A14C-CE01-4377-B2F3-519CCC6FA50D}.Debug|Any CPU.ActiveCfg = Debug|Any CPU
		{EC50A14C-CE01-4377-B2F3-519CCC6FA50D}.Debug|Any CPU.Build.0 = Debug|Any CPU
		{EC50A14C-CE01-4377-B2F3-519CCC6FA50D}.Release|Any CPU.ActiveCfg = Release|Any CPU
		{EC50A14C-CE01-4377-B2F3-519CCC6FA50D}.Release|Any CPU.Build.0 = Release|Any CPU
	EndGlobalSection
	GlobalSection(SolutionProperties) = preSolution
		HideSolutionNode = FALSE
	EndGlobalSection
	GlobalSection(ExtensibilityGlobals) = postSolution
		SolutionGuid = {AA9CE754-2D7F-47BF-97CB-F3EADD281495}
	EndGlobalSection
EndGlobal
